// !$*UTF8*$!
{
	archiveVersion = 1;
	classes = {
	};
	objectVersion = 46;
	objects = {

/* Begin PBXBuildFile section */
		8B4FE7F21F07DEA1001F1CFF /* ContactDetailsViewController.swift in Sources */ = {isa = PBXBuildFile; fileRef = 8B4FE7F11F07DEA1001F1CFF /* ContactDetailsViewController.swift */; };
		8B4FE7F41F081DE6001F1CFF /* Details.swift in Sources */ = {isa = PBXBuildFile; fileRef = 8B4FE7F31F081DE6001F1CFF /* Details.swift */; };
		8B4FE7F81F082627001F1CFF /* ContactTableViewCell.swift in Sources */ = {isa = PBXBuildFile; fileRef = 8B4FE7F71F082626001F1CFF /* ContactTableViewCell.swift */; };
		8B5B38891F6434780016F15D /* ShowContactDetailsViewController.swift in Sources */ = {isa = PBXBuildFile; fileRef = 8B5B38881F6434780016F15D /* ShowContactDetailsViewController.swift */; };
		8B747CE31F00565E00B2737F /* AppDelegate.swift in Sources */ = {isa = PBXBuildFile; fileRef = 8B747CE21F00565E00B2737F /* AppDelegate.swift */; };
		8B747CE51F00565E00B2737F /* AddressBookViewController.swift in Sources */ = {isa = PBXBuildFile; fileRef = 8B747CE41F00565E00B2737F /* AddressBookViewController.swift */; };
		8B747CE81F00565E00B2737F /* Main.storyboard in Resources */ = {isa = PBXBuildFile; fileRef = 8B747CE61F00565E00B2737F /* Main.storyboard */; };
		8B747CEA1F00565E00B2737F /* Assets.xcassets in Resources */ = {isa = PBXBuildFile; fileRef = 8B747CE91F00565E00B2737F /* Assets.xcassets */; };
		8B747CED1F00565E00B2737F /* LaunchScreen.storyboard in Resources */ = {isa = PBXBuildFile; fileRef = 8B747CEB1F00565E00B2737F /* LaunchScreen.storyboard */; };
		8BC5F6881F04362A0087FED7 /* AddNewContactViewController.swift in Sources */ = {isa = PBXBuildFile; fileRef = 8BC5F6871F04362A0087FED7 /* AddNewContactViewController.swift */; };
		96D5BC491F67DDDC00CD7462 /* CoreDataStack.swift in Sources */ = {isa = PBXBuildFile; fileRef = 96D5BC481F67DDDC00CD7462 /* CoreDataStack.swift */; };
		96D5BC4C1F67F53F00CD7462 /* Address Book.xcdatamodeld in Sources */ = {isa = PBXBuildFile; fileRef = 96D5BC4A1F67F53F00CD7462 /* Address Book.xcdatamodeld */; };
		96D5BC4F1F68027C00CD7462 /* Contact+CoreDataClass.swift in Sources */ = {isa = PBXBuildFile; fileRef = 96D5BC4D1F68027C00CD7462 /* Contact+CoreDataClass.swift */; };
		96D5BC501F68027C00CD7462 /* Contact+CoreDataProperties.swift in Sources */ = {isa = PBXBuildFile; fileRef = 96D5BC4E1F68027C00CD7462 /* Contact+CoreDataProperties.swift */; };
/* End PBXBuildFile section */

/* Begin PBXFileReference section */
		8B4FE7F11F07DEA1001F1CFF /* ContactDetailsViewController.swift */ = {isa = PBXFileReference; fileEncoding = 4; lastKnownFileType = sourcecode.swift; path = ContactDetailsViewController.swift; sourceTree = "<group>"; };
		8B4FE7F31F081DE6001F1CFF /* Details.swift */ = {isa = PBXFileReference; fileEncoding = 4; lastKnownFileType = sourcecode.swift; path = Details.swift; sourceTree = "<group>"; };
		8B4FE7F71F082626001F1CFF /* ContactTableViewCell.swift */ = {isa = PBXFileReference; fileEncoding = 4; lastKnownFileType = sourcecode.swift; path = ContactTableViewCell.swift; sourceTree = "<group>"; };
		8B5B38881F6434780016F15D /* ShowContactDetailsViewController.swift */ = {isa = PBXFileReference; fileEncoding = 4; lastKnownFileType = sourcecode.swift; path = ShowContactDetailsViewController.swift; sourceTree = "<group>"; };
		8B747CDF1F00565E00B2737F /* Address Book.app */ = {isa = PBXFileReference; explicitFileType = wrapper.application; includeInIndex = 0; path = "Address Book.app"; sourceTree = BUILT_PRODUCTS_DIR; };
		8B747CE21F00565E00B2737F /* AppDelegate.swift */ = {isa = PBXFileReference; lastKnownFileType = sourcecode.swift; path = AppDelegate.swift; sourceTree = "<group>"; };
		8B747CE41F00565E00B2737F /* AddressBookViewController.swift */ = {isa = PBXFileReference; lastKnownFileType = sourcecode.swift; path = AddressBookViewController.swift; sourceTree = "<group>"; };
		8B747CE71F00565E00B2737F /* Base */ = {isa = PBXFileReference; lastKnownFileType = file.storyboard; name = Base; path = Base.lproj/Main.storyboard; sourceTree = "<group>"; };
		8B747CE91F00565E00B2737F /* Assets.xcassets */ = {isa = PBXFileReference; lastKnownFileType = folder.assetcatalog; path = Assets.xcassets; sourceTree = "<group>"; };
		8B747CEC1F00565E00B2737F /* Base */ = {isa = PBXFileReference; lastKnownFileType = file.storyboard; name = Base; path = Base.lproj/LaunchScreen.storyboard; sourceTree = "<group>"; };
		8B747CEE1F00565E00B2737F /* Info.plist */ = {isa = PBXFileReference; lastKnownFileType = text.plist.xml; path = Info.plist; sourceTree = "<group>"; };
		8BC5F6871F04362A0087FED7 /* AddNewContactViewController.swift */ = {isa = PBXFileReference; fileEncoding = 4; lastKnownFileType = sourcecode.swift; path = AddNewContactViewController.swift; sourceTree = "<group>"; };
		96D5BC481F67DDDC00CD7462 /* CoreDataStack.swift */ = {isa = PBXFileReference; fileEncoding = 4; lastKnownFileType = sourcecode.swift; path = CoreDataStack.swift; sourceTree = "<group>"; };
		96D5BC4B1F67F53F00CD7462 /* Address Book.xcdatamodel */ = {isa = PBXFileReference; lastKnownFileType = wrapper.xcdatamodel; path = "Address Book.xcdatamodel"; sourceTree = "<group>"; };
		96D5BC4D1F68027C00CD7462 /* Contact+CoreDataClass.swift */ = {isa = PBXFileReference; fileEncoding = 4; lastKnownFileType = sourcecode.swift; path = "Contact+CoreDataClass.swift"; sourceTree = "<group>"; };
		96D5BC4E1F68027C00CD7462 /* Contact+CoreDataProperties.swift */ = {isa = PBXFileReference; fileEncoding = 4; lastKnownFileType = sourcecode.swift; path = "Contact+CoreDataProperties.swift"; sourceTree = "<group>"; };
/* End PBXFileReference section */

/* Begin PBXFrameworksBuildPhase section */
		8B747CDC1F00565E00B2737F /* Frameworks */ = {
			isa = PBXFrameworksBuildPhase;
			buildActionMask = 2147483647;
			files = (
			);
			runOnlyForDeploymentPostprocessing = 0;
		};
/* End PBXFrameworksBuildPhase section */

/* Begin PBXGroup section */
		8B747CD61F00565E00B2737F = {
			isa = PBXGroup;
			children = (
				96D5BC4D1F68027C00CD7462 /* Contact+CoreDataClass.swift */,
				96D5BC4E1F68027C00CD7462 /* Contact+CoreDataProperties.swift */,
				8B747CE11F00565E00B2737F /* Address Book */,
				8B747CE01F00565E00B2737F /* Products */,
			);
			sourceTree = "<group>";
		};
		8B747CE01F00565E00B2737F /* Products */ = {
			isa = PBXGroup;
			children = (
				8B747CDF1F00565E00B2737F /* Address Book.app */,
			);
			name = Products;
			sourceTree = "<group>";
		};
		8B747CE11F00565E00B2737F /* Address Book */ = {
			isa = PBXGroup;
			children = (
				8B747CE21F00565E00B2737F /* AppDelegate.swift */,
				8B747CE41F00565E00B2737F /* AddressBookViewController.swift */,
				96D5BC4A1F67F53F00CD7462 /* Address Book.xcdatamodeld */,
				8B747CE61F00565E00B2737F /* Main.storyboard */,
				8B747CE91F00565E00B2737F /* Assets.xcassets */,
				8B747CEB1F00565E00B2737F /* LaunchScreen.storyboard */,
				8B747CEE1F00565E00B2737F /* Info.plist */,
				8BC5F6871F04362A0087FED7 /* AddNewContactViewController.swift */,
				8B4FE7F11F07DEA1001F1CFF /* ContactDetailsViewController.swift */,
				8B4FE7F31F081DE6001F1CFF /* Details.swift */,
				8B4FE7F71F082626001F1CFF /* ContactTableViewCell.swift */,
				8B5B38881F6434780016F15D /* ShowContactDetailsViewController.swift */,
				96D5BC481F67DDDC00CD7462 /* CoreDataStack.swift */,
			);
			path = "Address Book";
			sourceTree = "<group>";
		};
/* End PBXGroup section */

/* Begin PBXNativeTarget section */
		8B747CDE1F00565E00B2737F /* Address Book */ = {
			isa = PBXNativeTarget;
			buildConfigurationList = 8B747CF11F00565E00B2737F /* Build configuration list for PBXNativeTarget "Address Book" */;
			buildPhases = (
				8B747CDB1F00565E00B2737F /* Sources */,
				8B747CDC1F00565E00B2737F /* Frameworks */,
				8B747CDD1F00565E00B2737F /* Resources */,
			);
			buildRules = (
			);
			dependencies = (
			);
			name = "Address Book";
			productName = "Address Book";
			productReference = 8B747CDF1F00565E00B2737F /* Address Book.app */;
			productType = "com.apple.product-type.application";
		};
/* End PBXNativeTarget section */

/* Begin PBXProject section */
		8B747CD71F00565E00B2737F /* Project object */ = {
			isa = PBXProject;
			attributes = {
				LastSwiftUpdateCheck = 0830;
				LastUpgradeCheck = 0830;
				ORGANIZATIONNAME = "Maniu Suroiu";
				TargetAttributes = {
					8B747CDE1F00565E00B2737F = {
						CreatedOnToolsVersion = 8.3.3;
						DevelopmentTeam = DNGA6ZNWTB;
						ProvisioningStyle = Automatic;
					};
				};
			};
			buildConfigurationList = 8B747CDA1F00565E00B2737F /* Build configuration list for PBXProject "Address Book" */;
			compatibilityVersion = "Xcode 3.2";
			developmentRegion = English;
			hasScannedForEncodings = 0;
			knownRegions = (
				en,
				Base,
			);
			mainGroup = 8B747CD61F00565E00B2737F;
			productRefGroup = 8B747CE01F00565E00B2737F /* Products */;
			projectDirPath = "";
			projectRoot = "";
			targets = (
				8B747CDE1F00565E00B2737F /* Address Book */,
			);
		};
/* End PBXProject section */

/* Begin PBXResourcesBuildPhase section */
		8B747CDD1F00565E00B2737F /* Resources */ = {
			isa = PBXResourcesBuildPhase;
			buildActionMask = 2147483647;
			files = (
				8B747CED1F00565E00B2737F /* LaunchScreen.storyboard in Resources */,
				8B747CEA1F00565E00B2737F /* Assets.xcassets in Resources */,
				8B747CE81F00565E00B2737F /* Main.storyboard in Resources */,
			);
			runOnlyForDeploymentPostprocessing = 0;
		};
/* End PBXResourcesBuildPhase section */

/* Begin PBXSourcesBuildPhase section */
		8B747CDB1F00565E00B2737F /* Sources */ = {
			isa = PBXSourcesBuildPhase;
			buildActionMask = 2147483647;
			files = (
				8BC5F6881F04362A0087FED7 /* AddNewContactViewController.swift in Sources */,
				8B4FE7F41F081DE6001F1CFF /* Details.swift in Sources */,
				96D5BC4C1F67F53F00CD7462 /* Address Book.xcdatamodeld in Sources */,
				8B5B38891F6434780016F15D /* ShowContactDetailsViewController.swift in Sources */,
				96D5BC4F1F68027C00CD7462 /* Contact+CoreDataClass.swift in Sources */,
				8B747CE51F00565E00B2737F /* AddressBookViewController.swift in Sources */,
				96D5BC501F68027C00CD7462 /* Contact+CoreDataProperties.swift in Sources */,
				8B4FE7F81F082627001F1CFF /* ContactTableViewCell.swift in Sources */,
				8B4FE7F21F07DEA1001F1CFF /* ContactDetailsViewController.swift in Sources */,
				8B747CE31F00565E00B2737F /* AppDelegate.swift in Sources */,
				96D5BC491F67DDDC00CD7462 /* CoreDataStack.swift in Sources */,
			);
			runOnlyForDeploymentPostprocessing = 0;
		};
/* End PBXSourcesBuildPhase section */

/* Begin PBXVariantGroup section */
		8B747CE61F00565E00B2737F /* Main.storyboard */ = {
			isa = PBXVariantGroup;
			children = (
				8B747CE71F00565E00B2737F /* Base */,
			);
			name = Main.storyboard;
			sourceTree = "<group>";
		};
		8B747CEB1F00565E00B2737F /* LaunchScreen.storyboard */ = {
			isa = PBXVariantGroup;
			children = (
				8B747CEC1F00565E00B2737F /* Base */,
			);
			name = LaunchScreen.storyboard;
			sourceTree = "<group>";
		};
/* End PBXVariantGroup section */

/* Begin XCBuildConfiguration section */
		8B747CEF1F00565E00B2737F /* Debug */ = {
			isa = XCBuildConfiguration;
			buildSettings = {
				ALWAYS_SEARCH_USER_PATHS = NO;
				CLANG_ANALYZER_NONNULL = YES;
				CLANG_ANALYZER_NUMBER_OBJECT_CONVERSION = YES_AGGRESSIVE;
				CLANG_CXX_LANGUAGE_STANDARD = "gnu++0x";
				CLANG_CXX_LIBRARY = "libc++";
				CLANG_ENABLE_MODULES = YES;
				CLANG_ENABLE_OBJC_ARC = YES;
				CLANG_WARN_BOOL_CONVERSION = YES;
				CLANG_WARN_CONSTANT_CONVERSION = YES;
				CLANG_WARN_DIRECT_OBJC_ISA_USAGE = YES_ERROR;
				CLANG_WARN_DOCUMENTATION_COMMENTS = YES;
				CLANG_WARN_EMPTY_BODY = YES;
				CLANG_WARN_ENUM_CONVERSION = YES;
				CLANG_WARN_INFINITE_RECURSION = YES;
				CLANG_WARN_INT_CONVERSION = YES;
				CLANG_WARN_OBJC_ROOT_CLASS = YES_ERROR;
				CLANG_WARN_SUSPICIOUS_MOVE = YES;
				CLANG_WARN_UNREACHABLE_CODE = YES;
				CLANG_WARN__DUPLICATE_METHOD_MATCH = YES;
				"CODE_SIGN_IDENTITY[sdk=iphoneos*]" = "iPhone Developer";
				COPY_PHASE_STRIP = NO;
				DEBUG_INFORMATION_FORMAT = dwarf;
				ENABLE_STRICT_OBJC_MSGSEND = YES;
				ENABLE_TESTABILITY = YES;
				GCC_C_LANGUAGE_STANDARD = gnu99;
				GCC_DYNAMIC_NO_PIC = NO;
				GCC_NO_COMMON_BLOCKS = YES;
				GCC_OPTIMIZATION_LEVEL = 0;
				GCC_PREPROCESSOR_DEFINITIONS = (
					"DEBUG=1",
					"$(inherited)",
				);
				GCC_WARN_64_TO_32_BIT_CONVERSION = YES;
				GCC_WARN_ABOUT_RETURN_TYPE = YES_ERROR;
				GCC_WARN_UNDECLARED_SELECTOR = YES;
				GCC_WARN_UNINITIALIZED_AUTOS = YES_AGGRESSIVE;
				GCC_WARN_UNUSED_FUNCTION = YES;
				GCC_WARN_UNUSED_VARIABLE = YES;
				IPHONEOS_DEPLOYMENT_TARGET = 10.3;
				MTL_ENABLE_DEBUG_INFO = YES;
				ONLY_ACTIVE_ARCH = YES;
				SDKROOT = iphoneos;
				SWIFT_ACTIVE_COMPILATION_CONDITIONS = DEBUG;
				SWIFT_OPTIMIZATION_LEVEL = "-Onone";
			};
			name = Debug;
		};
		8B747CF01F00565E00B2737F /* Release */ = {
			isa = XCBuildConfiguration;
			buildSettings = {
				ALWAYS_SEARCH_USER_PATHS = NO;
				CLANG_ANALYZER_NONNULL = YES;
				CLANG_ANALYZER_NUMBER_OBJECT_CONVERSION = YES_AGGRESSIVE;
				CLANG_CXX_LANGUAGE_STANDARD = "gnu++0x";
				CLANG_CXX_LIBRARY = "libc++";
				CLANG_ENABLE_MODULES = YES;
				CLANG_ENABLE_OBJC_ARC = YES;
				CLANG_WARN_BOOL_CONVERSION = YES;
				CLANG_WARN_CONSTANT_CONVERSION = YES;
				CLANG_WARN_DIRECT_OBJC_ISA_USAGE = YES_ERROR;
				CLANG_WARN_DOCUMENTATION_COMMENTS = YES;
				CLANG_WARN_EMPTY_BODY = YES;
				CLANG_WARN_ENUM_CONVERSION = YES;
				CLANG_WARN_INFINITE_RECURSION = YES;
				CLANG_WARN_INT_CONVERSION = YES;
				CLANG_WARN_OBJC_ROOT_CLASS = YES_ERROR;
				CLANG_WARN_SUSPICIOUS_MOVE = YES;
				CLANG_WARN_UNREACHABLE_CODE = YES;
				CLANG_WARN__DUPLICATE_METHOD_MATCH = YES;
				"CODE_SIGN_IDENTITY[sdk=iphoneos*]" = "iPhone Developer";
				COPY_PHASE_STRIP = NO;
				DEBUG_INFORMATION_FORMAT = "dwarf-with-dsym";
				ENABLE_NS_ASSERTIONS = NO;
				ENABLE_STRICT_OBJC_MSGSEND = YES;
				GCC_C_LANGUAGE_STANDARD = gnu99;
				GCC_NO_COMMON_BLOCKS = YES;
				GCC_WARN_64_TO_32_BIT_CONVERSION = YES;
				GCC_WARN_ABOUT_RETURN_TYPE = YES_ERROR;
				GCC_WARN_UNDECLARED_SELECTOR = YES;
				GCC_WARN_UNINITIALIZED_AUTOS = YES_AGGRESSIVE;
				GCC_WARN_UNUSED_FUNCTION = YES;
				GCC_WARN_UNUSED_VARIABLE = YES;
				IPHONEOS_DEPLOYMENT_TARGET = 10.3;
				MTL_ENABLE_DEBUG_INFO = NO;
				SDKROOT = iphoneos;
				SWIFT_OPTIMIZATION_LEVEL = "-Owholemodule";
				VALIDATE_PRODUCT = YES;
			};
			name = Release;
		};
		8B747CF21F00565E00B2737F /* Debug */ = {
			isa = XCBuildConfiguration;
			buildSettings = {
				ASSETCATALOG_COMPILER_APPICON_NAME = AppIcon;
				DEVELOPMENT_TEAM = DNGA6ZNWTB;
				INFOPLIST_FILE = "Address Book/Info.plist";
				LD_RUNPATH_SEARCH_PATHS = "$(inherited) @executable_path/Frameworks";
				PRODUCT_BUNDLE_IDENTIFIER = "ManiuSuroiu.Address-Book";
				PRODUCT_NAME = "$(TARGET_NAME)";
				SWIFT_VERSION = 3.0;
			};
			name = Debug;
		};
		8B747CF31F00565E00B2737F /* Release */ = {
			isa = XCBuildConfiguration;
			buildSettings = {
				ASSETCATALOG_COMPILER_APPICON_NAME = AppIcon;
				DEVELOPMENT_TEAM = DNGA6ZNWTB;
				INFOPLIST_FILE = "Address Book/Info.plist";
				LD_RUNPATH_SEARCH_PATHS = "$(inherited) @executable_path/Frameworks";
				PRODUCT_BUNDLE_IDENTIFIER = "ManiuSuroiu.Address-Book";
				PRODUCT_NAME = "$(TARGET_NAME)";
				SWIFT_VERSION = 3.0;
			};
			name = Release;
		};
/* End XCBuildConfiguration section */

/* Begin XCConfigurationList section */
		8B747CDA1F00565E00B2737F /* Build configuration list for PBXProject "Address Book" */ = {
			isa = XCConfigurationList;
			buildConfigurations = (
				8B747CEF1F00565E00B2737F /* Debug */,
				8B747CF01F00565E00B2737F /* Release */,
			);
			defaultConfigurationIsVisible = 0;
			defaultConfigurationName = Release;
		};
		8B747CF11F00565E00B2737F /* Build configuration list for PBXNativeTarget "Address Book" */ = {
			isa = XCConfigurationList;
			buildConfigurations = (
				8B747CF21F00565E00B2737F /* Debug */,
				8B747CF31F00565E00B2737F /* Release */,
			);
			defaultConfigurationIsVisible = 0;
			defaultConfigurationName = Release;
		};
/* End XCConfigurationList section */

/* Begin XCVersionGroup section */
		96D5BC4A1F67F53F00CD7462 /* Address Book.xcdatamodeld */ = {
			isa = XCVersionGroup;
			children = (
				96D5BC4B1F67F53F00CD7462 /* Address Book.xcdatamodel */,
			);
			currentVersion = 96D5BC4B1F67F53F00CD7462 /* Address Book.xcdatamodel */;
			path = "Address Book.xcdatamodeld";
			sourceTree = "<group>";
			versionGroupType = wrapper.xcdatamodel;
		};
/* End XCVersionGroup section */
	};
	rootObject = 8B747CD71F00565E00B2737F /* Project object */;
}
